// !$*UTF8*$!
{
	archiveVersion = 1;
	classes = {
	};
	objectVersion = 55;
	objects = {

/* Begin PBXBuildFile section */
		7C009BA627FE1B5C0054B3EA /* Extantions.swift in Sources */ = {isa = PBXBuildFile; fileRef = 7C009BA527FE1B5C0054B3EA /* Extantions.swift */; };
		7C009BAA27FE2CF60054B3EA /* TitleCollectionViewCell.swift in Sources */ = {isa = PBXBuildFile; fileRef = 7C009BA927FE2CF60054B3EA /* TitleCollectionViewCell.swift */; };
		7C009BAD27FE2F930054B3EA /* SDWebImage in Frameworks */ = {isa = PBXBuildFile; productRef = 7C009BAC27FE2F930054B3EA /* SDWebImage */; };
		7C009BAF27FE2F930054B3EA /* SDWebImageMapKit in Frameworks */ = {isa = PBXBuildFile; productRef = 7C009BAE27FE2F930054B3EA /* SDWebImageMapKit */; };
		7C1EB89828059C8D0090CE14 /* YoutubeSearchResponse.swift in Sources */ = {isa = PBXBuildFile; fileRef = 7C1EB89728059C8D0090CE14 /* YoutubeSearchResponse.swift */; };
		7C3F120C2800C43900ED8CAC /* TitleTableViewCell.swift in Sources */ = {isa = PBXBuildFile; fileRef = 7C3F120B2800C43900ED8CAC /* TitleTableViewCell.swift */; };
		7C3F120E2801860A00ED8CAC /* TitleViewModel.swift in Sources */ = {isa = PBXBuildFile; fileRef = 7C3F120D2801860A00ED8CAC /* TitleViewModel.swift */; };
		7C89158A2804BF17000461CD /* SearchResultsViewController.swift in Sources */ = {isa = PBXBuildFile; fileRef = 7C8915892804BF17000461CD /* SearchResultsViewController.swift */; };
		7C8CBA1A2808B110007B917A /* NetflixModel.xcdatamodeld in Sources */ = {isa = PBXBuildFile; fileRef = 7C8CBA182808B110007B917A /* NetflixModel.xcdatamodeld */; };
		7C8CBA1C2808B80E007B917A /* DataPersistenceManager.swift in Sources */ = {isa = PBXBuildFile; fileRef = 7C8CBA1B2808B80E007B917A /* DataPersistenceManager.swift */; };
		7C9746702807662A009D786B /* TitlePreviewViewController.swift in Sources */ = {isa = PBXBuildFile; fileRef = 7C97466F2807662A009D786B /* TitlePreviewViewController.swift */; };
		7C97467228076AA0009D786B /* TitlePreviewViewModel.swift in Sources */ = {isa = PBXBuildFile; fileRef = 7C97467128076AA0009D786B /* TitlePreviewViewModel.swift */; };
		7CD22A4B27FB6A5900D09781 /* APICaller.swift in Sources */ = {isa = PBXBuildFile; fileRef = 7CD22A4A27FB6A5900D09781 /* APICaller.swift */; };
		7CD22A4D27FB74B600D09781 /* Title.swift in Sources */ = {isa = PBXBuildFile; fileRef = 7CD22A4C27FB74B600D09781 /* Title.swift */; };
		7CE09D2F27FAB86F0054AFC8 /* AppDelegate.swift in Sources */ = {isa = PBXBuildFile; fileRef = 7CE09D2E27FAB86F0054AFC8 /* AppDelegate.swift */; };
		7CE09D3127FAB86F0054AFC8 /* SceneDelegate.swift in Sources */ = {isa = PBXBuildFile; fileRef = 7CE09D3027FAB86F0054AFC8 /* SceneDelegate.swift */; };
		7CE09D3327FAB86F0054AFC8 /* MainTabBarViewController.swift in Sources */ = {isa = PBXBuildFile; fileRef = 7CE09D3227FAB86F0054AFC8 /* MainTabBarViewController.swift */; };
		7CE09D3827FAB8720054AFC8 /* Assets.xcassets in Resources */ = {isa = PBXBuildFile; fileRef = 7CE09D3727FAB8720054AFC8 /* Assets.xcassets */; };
		7CE09D3B27FAB8720054AFC8 /* LaunchScreen.storyboard in Resources */ = {isa = PBXBuildFile; fileRef = 7CE09D3927FAB8720054AFC8 /* LaunchScreen.storyboard */; };
		7CE09D4427FABAB70054AFC8 /* HomeViewController.swift in Sources */ = {isa = PBXBuildFile; fileRef = 7CE09D4327FABAB70054AFC8 /* HomeViewController.swift */; };
		7CE09D4627FABAF10054AFC8 /* UpcomingViewController.swift in Sources */ = {isa = PBXBuildFile; fileRef = 7CE09D4527FABAF10054AFC8 /* UpcomingViewController.swift */; };
		7CE09D4827FABB1D0054AFC8 /* SearchViewController.swift in Sources */ = {isa = PBXBuildFile; fileRef = 7CE09D4727FABB1D0054AFC8 /* SearchViewController.swift */; };
		7CE09D4A27FABB490054AFC8 /* DownloadsViewController.swift in Sources */ = {isa = PBXBuildFile; fileRef = 7CE09D4927FABB490054AFC8 /* DownloadsViewController.swift */; };
		7CE09D5127FAC3110054AFC8 /* CollectionViewTableViewCell.swift in Sources */ = {isa = PBXBuildFile; fileRef = 7CE09D5027FAC3110054AFC8 /* CollectionViewTableViewCell.swift */; };
		7CE09D5327FACA370054AFC8 /* HeroHeaderUIView.swift in Sources */ = {isa = PBXBuildFile; fileRef = 7CE09D5227FACA370054AFC8 /* HeroHeaderUIView.swift */; };
/* End PBXBuildFile section */

/* Begin PBXFileReference section */
		7C009BA527FE1B5C0054B3EA /* Extantions.swift */ = {isa = PBXFileReference; lastKnownFileType = sourcecode.swift; path = Extantions.swift; sourceTree = "<group>"; };
		7C009BA927FE2CF60054B3EA /* TitleCollectionViewCell.swift */ = {isa = PBXFileReference; lastKnownFileType = sourcecode.swift; path = TitleCollectionViewCell.swift; sourceTree = "<group>"; };
		7C1EB89728059C8D0090CE14 /* YoutubeSearchResponse.swift */ = {isa = PBXFileReference; lastKnownFileType = sourcecode.swift; path = YoutubeSearchResponse.swift; sourceTree = "<group>"; };
		7C3F120B2800C43900ED8CAC /* TitleTableViewCell.swift */ = {isa = PBXFileReference; lastKnownFileType = sourcecode.swift; path = TitleTableViewCell.swift; sourceTree = "<group>"; };
		7C3F120D2801860A00ED8CAC /* TitleViewModel.swift */ = {isa = PBXFileReference; lastKnownFileType = sourcecode.swift; path = TitleViewModel.swift; sourceTree = "<group>"; };
		7C8915892804BF17000461CD /* SearchResultsViewController.swift */ = {isa = PBXFileReference; lastKnownFileType = sourcecode.swift; path = SearchResultsViewController.swift; sourceTree = "<group>"; };
		7C8CBA192808B110007B917A /* NetflixModel.xcdatamodel */ = {isa = PBXFileReference; lastKnownFileType = wrapper.xcdatamodel; path = NetflixModel.xcdatamodel; sourceTree = "<group>"; };
		7C8CBA1B2808B80E007B917A /* DataPersistenceManager.swift */ = {isa = PBXFileReference; lastKnownFileType = sourcecode.swift; path = DataPersistenceManager.swift; sourceTree = "<group>"; };
		7C97466F2807662A009D786B /* TitlePreviewViewController.swift */ = {isa = PBXFileReference; lastKnownFileType = sourcecode.swift; path = TitlePreviewViewController.swift; sourceTree = "<group>"; };
		7C97467128076AA0009D786B /* TitlePreviewViewModel.swift */ = {isa = PBXFileReference; lastKnownFileType = sourcecode.swift; path = TitlePreviewViewModel.swift; sourceTree = "<group>"; };
		7CD22A4A27FB6A5900D09781 /* APICaller.swift */ = {isa = PBXFileReference; lastKnownFileType = sourcecode.swift; path = APICaller.swift; sourceTree = "<group>"; };
		7CD22A4C27FB74B600D09781 /* Title.swift */ = {isa = PBXFileReference; lastKnownFileType = sourcecode.swift; path = Title.swift; sourceTree = "<group>"; };
		7CE09D2B27FAB86F0054AFC8 /* Netflix.app */ = {isa = PBXFileReference; explicitFileType = wrapper.application; includeInIndex = 0; path = Netflix.app; sourceTree = BUILT_PRODUCTS_DIR; };
		7CE09D2E27FAB86F0054AFC8 /* AppDelegate.swift */ = {isa = PBXFileReference; lastKnownFileType = sourcecode.swift; path = AppDelegate.swift; sourceTree = "<group>"; };
		7CE09D3027FAB86F0054AFC8 /* SceneDelegate.swift */ = {isa = PBXFileReference; lastKnownFileType = sourcecode.swift; path = SceneDelegate.swift; sourceTree = "<group>"; };
		7CE09D3227FAB86F0054AFC8 /* MainTabBarViewController.swift */ = {isa = PBXFileReference; lastKnownFileType = sourcecode.swift; path = MainTabBarViewController.swift; sourceTree = "<group>"; };
		7CE09D3727FAB8720054AFC8 /* Assets.xcassets */ = {isa = PBXFileReference; lastKnownFileType = folder.assetcatalog; path = Assets.xcassets; sourceTree = "<group>"; };
		7CE09D3A27FAB8720054AFC8 /* Base */ = {isa = PBXFileReference; lastKnownFileType = file.storyboard; name = Base; path = Base.lproj/LaunchScreen.storyboard; sourceTree = "<group>"; };
		7CE09D3C27FAB8720054AFC8 /* Info.plist */ = {isa = PBXFileReference; lastKnownFileType = text.plist.xml; path = Info.plist; sourceTree = "<group>"; };
		7CE09D4327FABAB70054AFC8 /* HomeViewController.swift */ = {isa = PBXFileReference; lastKnownFileType = sourcecode.swift; path = HomeViewController.swift; sourceTree = "<group>"; };
		7CE09D4527FABAF10054AFC8 /* UpcomingViewController.swift */ = {isa = PBXFileReference; lastKnownFileType = sourcecode.swift; path = UpcomingViewController.swift; sourceTree = "<group>"; };
		7CE09D4727FABB1D0054AFC8 /* SearchViewController.swift */ = {isa = PBXFileReference; lastKnownFileType = sourcecode.swift; path = SearchViewController.swift; sourceTree = "<group>"; };
		7CE09D4927FABB490054AFC8 /* DownloadsViewController.swift */ = {isa = PBXFileReference; lastKnownFileType = sourcecode.swift; path = DownloadsViewController.swift; sourceTree = "<group>"; };
		7CE09D5027FAC3110054AFC8 /* CollectionViewTableViewCell.swift */ = {isa = PBXFileReference; lastKnownFileType = sourcecode.swift; path = CollectionViewTableViewCell.swift; sourceTree = "<group>"; };
		7CE09D5227FACA370054AFC8 /* HeroHeaderUIView.swift */ = {isa = PBXFileReference; lastKnownFileType = sourcecode.swift; path = HeroHeaderUIView.swift; sourceTree = "<group>"; };
/* End PBXFileReference section */

/* Begin PBXFrameworksBuildPhase section */
		7CE09D2827FAB86F0054AFC8 /* Frameworks */ = {
			isa = PBXFrameworksBuildPhase;
			buildActionMask = 2147483647;
			files = (
				7C009BAF27FE2F930054B3EA /* SDWebImageMapKit in Frameworks */,
				7C009BAD27FE2F930054B3EA /* SDWebImage in Frameworks */,
			);
			runOnlyForDeploymentPostprocessing = 0;
		};
/* End PBXFrameworksBuildPhase section */

/* Begin PBXGroup section */
		7C89158B2804C0BF000461CD /* Core */ = {
			isa = PBXGroup;
			children = (
				7CE09D3227FAB86F0054AFC8 /* MainTabBarViewController.swift */,
				7CE09D4527FABAF10054AFC8 /* UpcomingViewController.swift */,
				7CE09D4727FABB1D0054AFC8 /* SearchViewController.swift */,
				7CE09D4927FABB490054AFC8 /* DownloadsViewController.swift */,
				7CE09D4327FABAB70054AFC8 /* HomeViewController.swift */,
			);
			path = Core;
			sourceTree = "<group>";
		};
		7C89158C2804C0F4000461CD /* General */ = {
			isa = PBXGroup;
			children = (
				7C97466F2807662A009D786B /* TitlePreviewViewController.swift */,
				7C8915892804BF17000461CD /* SearchResultsViewController.swift */,
			);
			path = General;
			sourceTree = "<group>";
		};
		7CE09D2227FAB86F0054AFC8 = {
			isa = PBXGroup;
			children = (
				7CE09D2D27FAB86F0054AFC8 /* Netflix */,
				7CE09D2C27FAB86F0054AFC8 /* Products */,
			);
			sourceTree = "<group>";
		};
		7CE09D2C27FAB86F0054AFC8 /* Products */ = {
			isa = PBXGroup;
			children = (
				7CE09D2B27FAB86F0054AFC8 /* Netflix.app */,
			);
			name = Products;
			sourceTree = "<group>";
		};
		7CE09D2D27FAB86F0054AFC8 /* Netflix */ = {
			isa = PBXGroup;
			children = (
				7CE09D4F27FAC2CB0054AFC8 /* Managers */,
				7CE09D4E27FAC2B60054AFC8 /* Resources */,
				7CE09D4D27FAC2790054AFC8 /* Models */,
				7CE09D4B27FAC25E0054AFC8 /* Views */,
				7CE09D4C27FAC2650054AFC8 /* ViewModels */,
				7CE09D4227FABA6B0054AFC8 /* Controllers */,
				7CE09D2E27FAB86F0054AFC8 /* AppDelegate.swift */,
				7CE09D3027FAB86F0054AFC8 /* SceneDelegate.swift */,
				7CE09D3727FAB8720054AFC8 /* Assets.xcassets */,
				7CE09D3927FAB8720054AFC8 /* LaunchScreen.storyboard */,
				7CE09D3C27FAB8720054AFC8 /* Info.plist */,
				7C8CBA182808B110007B917A /* NetflixModel.xcdatamodeld */,
			);
			path = Netflix;
			sourceTree = "<group>";
		};
		7CE09D4227FABA6B0054AFC8 /* Controllers */ = {
			isa = PBXGroup;
			children = (
				7C89158B2804C0BF000461CD /* Core */,
				7C89158C2804C0F4000461CD /* General */,
			);
			path = Controllers;
			sourceTree = "<group>";
		};
		7CE09D4B27FAC25E0054AFC8 /* Views */ = {
			isa = PBXGroup;
			children = (
				7CE09D5027FAC3110054AFC8 /* CollectionViewTableViewCell.swift */,
				7C3F120B2800C43900ED8CAC /* TitleTableViewCell.swift */,
				7CE09D5227FACA370054AFC8 /* HeroHeaderUIView.swift */,
				7C009BA927FE2CF60054B3EA /* TitleCollectionViewCell.swift */,
			);
			path = Views;
			sourceTree = "<group>";
		};
		7CE09D4C27FAC2650054AFC8 /* ViewModels */ = {
			isa = PBXGroup;
			children = (
				7C3F120D2801860A00ED8CAC /* TitleViewModel.swift */,
				7C97467128076AA0009D786B /* TitlePreviewViewModel.swift */,
			);
			path = ViewModels;
			sourceTree = "<group>";
		};
		7CE09D4D27FAC2790054AFC8 /* Models */ = {
			isa = PBXGroup;
			children = (
				7CD22A4C27FB74B600D09781 /* Title.swift */,
				7C1EB89728059C8D0090CE14 /* YoutubeSearchResponse.swift */,
			);
			path = Models;
			sourceTree = "<group>";
		};
		7CE09D4E27FAC2B60054AFC8 /* Resources */ = {
			isa = PBXGroup;
			children = (
				7C009BA527FE1B5C0054B3EA /* Extantions.swift */,
			);
			path = Resources;
			sourceTree = "<group>";
		};
		7CE09D4F27FAC2CB0054AFC8 /* Managers */ = {
			isa = PBXGroup;
			children = (
				7CD22A4A27FB6A5900D09781 /* APICaller.swift */,
				7C8CBA1B2808B80E007B917A /* DataPersistenceManager.swift */,
			);
			path = Managers;
			sourceTree = "<group>";
		};
/* End PBXGroup section */

/* Begin PBXNativeTarget section */
		7CE09D2A27FAB86F0054AFC8 /* Netflix */ = {
			isa = PBXNativeTarget;
			buildConfigurationList = 7CE09D3F27FAB8720054AFC8 /* Build configuration list for PBXNativeTarget "Netflix" */;
			buildPhases = (
				7CE09D2727FAB86F0054AFC8 /* Sources */,
				7CE09D2827FAB86F0054AFC8 /* Frameworks */,
				7CE09D2927FAB86F0054AFC8 /* Resources */,
			);
			buildRules = (
			);
			dependencies = (
			);
			name = Netflix;
			packageProductDependencies = (
				7C009BAC27FE2F930054B3EA /* SDWebImage */,
				7C009BAE27FE2F930054B3EA /* SDWebImageMapKit */,
			);
			productName = Netflix;
			productReference = 7CE09D2B27FAB86F0054AFC8 /* Netflix.app */;
			productType = "com.apple.product-type.application";
		};
/* End PBXNativeTarget section */

/* Begin PBXProject section */
		7CE09D2327FAB86F0054AFC8 /* Project object */ = {
			isa = PBXProject;
			attributes = {
				BuildIndependentTargetsInParallel = 1;
				LastSwiftUpdateCheck = 1330;
				LastUpgradeCheck = 1330;
				TargetAttributes = {
					7CE09D2A27FAB86F0054AFC8 = {
						CreatedOnToolsVersion = 13.3;
					};
				};
			};
			buildConfigurationList = 7CE09D2627FAB86F0054AFC8 /* Build configuration list for PBXProject "Netflix" */;
			compatibilityVersion = "Xcode 13.0";
			developmentRegion = en;
			hasScannedForEncodings = 0;
			knownRegions = (
				en,
				Base,
			);
			mainGroup = 7CE09D2227FAB86F0054AFC8;
			packageReferences = (
				7C009BAB27FE2F930054B3EA /* XCRemoteSwiftPackageReference "SDWebImage" */,
			);
			productRefGroup = 7CE09D2C27FAB86F0054AFC8 /* Products */;
			projectDirPath = "";
			projectRoot = "";
			targets = (
				7CE09D2A27FAB86F0054AFC8 /* Netflix */,
			);
		};
/* End PBXProject section */

/* Begin PBXResourcesBuildPhase section */
		7CE09D2927FAB86F0054AFC8 /* Resources */ = {
			isa = PBXResourcesBuildPhase;
			buildActionMask = 2147483647;
			files = (
				7CE09D3B27FAB8720054AFC8 /* LaunchScreen.storyboard in Resources */,
				7CE09D3827FAB8720054AFC8 /* Assets.xcassets in Resources */,
			);
			runOnlyForDeploymentPostprocessing = 0;
		};
/* End PBXResourcesBuildPhase section */

/* Begin PBXSourcesBuildPhase section */
		7CE09D2727FAB86F0054AFC8 /* Sources */ = {
			isa = PBXSourcesBuildPhase;
			buildActionMask = 2147483647;
			files = (
				7C3F120C2800C43900ED8CAC /* TitleTableViewCell.swift in Sources */,
				7C3F120E2801860A00ED8CAC /* TitleViewModel.swift in Sources */,
				7CE09D4827FABB1D0054AFC8 /* SearchViewController.swift in Sources */,
				7C8CBA1C2808B80E007B917A /* DataPersistenceManager.swift in Sources */,
				7C009BAA27FE2CF60054B3EA /* TitleCollectionViewCell.swift in Sources */,
				7CE09D3327FAB86F0054AFC8 /* MainTabBarViewController.swift in Sources */,
				7CE09D5127FAC3110054AFC8 /* CollectionViewTableViewCell.swift in Sources */,
				7CD22A4B27FB6A5900D09781 /* APICaller.swift in Sources */,
				7CE09D5327FACA370054AFC8 /* HeroHeaderUIView.swift in Sources */,
				7CE09D4A27FABB490054AFC8 /* DownloadsViewController.swift in Sources */,
				7C89158A2804BF17000461CD /* SearchResultsViewController.swift in Sources */,
				7CE09D2F27FAB86F0054AFC8 /* AppDelegate.swift in Sources */,
				7C1EB89828059C8D0090CE14 /* YoutubeSearchResponse.swift in Sources */,
				7CE09D3127FAB86F0054AFC8 /* SceneDelegate.swift in Sources */,
				7C97467228076AA0009D786B /* TitlePreviewViewModel.swift in Sources */,
				7C009BA627FE1B5C0054B3EA /* Extantions.swift in Sources */,
				7C9746702807662A009D786B /* TitlePreviewViewController.swift in Sources */,
				7C8CBA1A2808B110007B917A /* NetflixModel.xcdatamodeld in Sources */,
				7CE09D4627FABAF10054AFC8 /* UpcomingViewController.swift in Sources */,
				7CD22A4D27FB74B600D09781 /* Title.swift in Sources */,
				7CE09D4427FABAB70054AFC8 /* HomeViewController.swift in Sources */,
			);
			runOnlyForDeploymentPostprocessing = 0;
		};
/* End PBXSourcesBuildPhase section */

/* Begin PBXVariantGroup section */
		7CE09D3927FAB8720054AFC8 /* LaunchScreen.storyboard */ = {
			isa = PBXVariantGroup;
			children = (
				7CE09D3A27FAB8720054AFC8 /* Base */,
			);
			name = LaunchScreen.storyboard;
			sourceTree = "<group>";
		};
/* End PBXVariantGroup section */

/* Begin XCBuildConfiguration section */
		7CE09D3D27FAB8720054AFC8 /* Debug */ = {
			isa = XCBuildConfiguration;
			buildSettings = {
				ALWAYS_SEARCH_USER_PATHS = NO;
				CLANG_ANALYZER_NONNULL = YES;
				CLANG_ANALYZER_NUMBER_OBJECT_CONVERSION = YES_AGGRESSIVE;
				CLANG_CXX_LANGUAGE_STANDARD = "gnu++17";
				CLANG_ENABLE_MODULES = YES;
				CLANG_ENABLE_OBJC_ARC = YES;
				CLANG_ENABLE_OBJC_WEAK = YES;
				CLANG_WARN_BLOCK_CAPTURE_AUTORELEASING = YES;
				CLANG_WARN_BOOL_CONVERSION = YES;
				CLANG_WARN_COMMA = YES;
				CLANG_WARN_CONSTANT_CONVERSION = YES;
				CLANG_WARN_DEPRECATED_OBJC_IMPLEMENTATIONS = YES;
				CLANG_WARN_DIRECT_OBJC_ISA_USAGE = YES_ERROR;
				CLANG_WARN_DOCUMENTATION_COMMENTS = YES;
				CLANG_WARN_EMPTY_BODY = YES;
				CLANG_WARN_ENUM_CONVERSION = YES;
				CLANG_WARN_INFINITE_RECURSION = YES;
				CLANG_WARN_INT_CONVERSION = YES;
				CLANG_WARN_NON_LITERAL_NULL_CONVERSION = YES;
				CLANG_WARN_OBJC_IMPLICIT_RETAIN_SELF = YES;
				CLANG_WARN_OBJC_LITERAL_CONVERSION = YES;
				CLANG_WARN_OBJC_ROOT_CLASS = YES_ERROR;
				CLANG_WARN_QUOTED_INCLUDE_IN_FRAMEWORK_HEADER = YES;
				CLANG_WARN_RANGE_LOOP_ANALYSIS = YES;
				CLANG_WARN_STRICT_PROTOTYPES = YES;
				CLANG_WARN_SUSPICIOUS_MOVE = YES;
				CLANG_WARN_UNGUARDED_AVAILABILITY = YES_AGGRESSIVE;
				CLANG_WARN_UNREACHABLE_CODE = YES;
				CLANG_WARN__DUPLICATE_METHOD_MATCH = YES;
				COPY_PHASE_STRIP = NO;
				DEBUG_INFORMATION_FORMAT = dwarf;
				ENABLE_STRICT_OBJC_MSGSEND = YES;
				ENABLE_TESTABILITY = YES;
				GCC_C_LANGUAGE_STANDARD = gnu11;
				GCC_DYNAMIC_NO_PIC = NO;
				GCC_NO_COMMON_BLOCKS = YES;
				GCC_OPTIMIZATION_LEVEL = 0;
				GCC_PREPROCESSOR_DEFINITIONS = (
					"DEBUG=1",
					"$(inherited)",
				);
				GCC_WARN_64_TO_32_BIT_CONVERSION = YES;
				GCC_WARN_ABOUT_RETURN_TYPE = YES_ERROR;
				GCC_WARN_UNDECLARED_SELECTOR = YES;
				GCC_WARN_UNINITIALIZED_AUTOS = YES_AGGRESSIVE;
				GCC_WARN_UNUSED_FUNCTION = YES;
				GCC_WARN_UNUSED_VARIABLE = YES;
				IPHONEOS_DEPLOYMENT_TARGET = 15.4;
				MTL_ENABLE_DEBUG_INFO = INCLUDE_SOURCE;
				MTL_FAST_MATH = YES;
				ONLY_ACTIVE_ARCH = YES;
				SDKROOT = iphoneos;
				SWIFT_ACTIVE_COMPILATION_CONDITIONS = DEBUG;
				SWIFT_OPTIMIZATION_LEVEL = "-Onone";
			};
			name = Debug;
		};
		7CE09D3E27FAB8720054AFC8 /* Release */ = {
			isa = XCBuildConfiguration;
			buildSettings = {
				ALWAYS_SEARCH_USER_PATHS = NO;
				CLANG_ANALYZER_NONNULL = YES;
				CLANG_ANALYZER_NUMBER_OBJECT_CONVERSION = YES_AGGRESSIVE;
				CLANG_CXX_LANGUAGE_STANDARD = "gnu++17";
				CLANG_ENABLE_MODULES = YES;
				CLANG_ENABLE_OBJC_ARC = YES;
				CLANG_ENABLE_OBJC_WEAK = YES;
				CLANG_WARN_BLOCK_CAPTURE_AUTORELEASING = YES;
				CLANG_WARN_BOOL_CONVERSION = YES;
				CLANG_WARN_COMMA = YES;
				CLANG_WARN_CONSTANT_CONVERSION = YES;
				CLANG_WARN_DEPRECATED_OBJC_IMPLEMENTATIONS = YES;
				CLANG_WARN_DIRECT_OBJC_ISA_USAGE = YES_ERROR;
				CLANG_WARN_DOCUMENTATION_COMMENTS = YES;
				CLANG_WARN_EMPTY_BODY = YES;
				CLANG_WARN_ENUM_CONVERSION = YES;
				CLANG_WARN_INFINITE_RECURSION = YES;
				CLANG_WARN_INT_CONVERSION = YES;
				CLANG_WARN_NON_LITERAL_NULL_CONVERSION = YES;
				CLANG_WARN_OBJC_IMPLICIT_RETAIN_SELF = YES;
				CLANG_WARN_OBJC_LITERAL_CONVERSION = YES;
				CLANG_WARN_OBJC_ROOT_CLASS = YES_ERROR;
				CLANG_WARN_QUOTED_INCLUDE_IN_FRAMEWORK_HEADER = YES;
				CLANG_WARN_RANGE_LOOP_ANALYSIS = YES;
				CLANG_WARN_STRICT_PROTOTYPES = YES;
				CLANG_WARN_SUSPICIOUS_MOVE = YES;
				CLANG_WARN_UNGUARDED_AVAILABILITY = YES_AGGRESSIVE;
				CLANG_WARN_UNREACHABLE_CODE = YES;
				CLANG_WARN__DUPLICATE_METHOD_MATCH = YES;
				COPY_PHASE_STRIP = NO;
				DEBUG_INFORMATION_FORMAT = "dwarf-with-dsym";
				ENABLE_NS_ASSERTIONS = NO;
				ENABLE_STRICT_OBJC_MSGSEND = YES;
				GCC_C_LANGUAGE_STANDARD = gnu11;
				GCC_NO_COMMON_BLOCKS = YES;
				GCC_WARN_64_TO_32_BIT_CONVERSION = YES;
				GCC_WARN_ABOUT_RETURN_TYPE = YES_ERROR;
				GCC_WARN_UNDECLARED_SELECTOR = YES;
				GCC_WARN_UNINITIALIZED_AUTOS = YES_AGGRESSIVE;
				GCC_WARN_UNUSED_FUNCTION = YES;
				GCC_WARN_UNUSED_VARIABLE = YES;
				IPHONEOS_DEPLOYMENT_TARGET = 15.4;
				MTL_ENABLE_DEBUG_INFO = NO;
				MTL_FAST_MATH = YES;
				SDKROOT = iphoneos;
				SWIFT_COMPILATION_MODE = wholemodule;
				SWIFT_OPTIMIZATION_LEVEL = "-O";
				VALIDATE_PRODUCT = YES;
			};
			name = Release;
		};
		7CE09D4027FAB8720054AFC8 /* Debug */ = {
			isa = XCBuildConfiguration;
			buildSettings = {
				ASSETCATALOG_COMPILER_APPICON_NAME = AppIcon;
				ASSETCATALOG_COMPILER_GLOBAL_ACCENT_COLOR_NAME = AccentColor;
				CODE_SIGN_STYLE = Automatic;
				CURRENT_PROJECT_VERSION = 1;
				DEVELOPMENT_TEAM = FHKU3K3FS3;
				GENERATE_INFOPLIST_FILE = YES;
				INFOPLIST_FILE = Netflix/Info.plist;
				INFOPLIST_KEY_UIApplicationSupportsIndirectInputEvents = YES;
				INFOPLIST_KEY_UILaunchStoryboardName = LaunchScreen;
				INFOPLIST_KEY_UIMainStoryboardFile = "";
				INFOPLIST_KEY_UISupportedInterfaceOrientations_iPad = "UIInterfaceOrientationPortrait UIInterfaceOrientationPortraitUpsideDown UIInterfaceOrientationLandscapeLeft UIInterfaceOrientationLandscapeRight";
				INFOPLIST_KEY_UISupportedInterfaceOrientations_iPhone = "UIInterfaceOrientationPortrait UIInterfaceOrientationLandscapeLeft UIInterfaceOrientationLandscapeRight";
				LD_RUNPATH_SEARCH_PATHS = (
					"$(inherited)",
					"@executable_path/Frameworks",
				);
				MARKETING_VERSION = 1.0;
				PRODUCT_BUNDLE_IDENTIFIER = com.denSwift.Netflix;
				PRODUCT_NAME = "$(TARGET_NAME)";
				SWIFT_EMIT_LOC_STRINGS = YES;
				SWIFT_VERSION = 5.0;
				TARGETED_DEVICE_FAMILY = "1,2";
			};
			name = Debug;
		};
		7CE09D4127FAB8720054AFC8 /* Release */ = {
			isa = XCBuildConfiguration;
			buildSettings = {
				ASSETCATALOG_COMPILER_APPICON_NAME = AppIcon;
				ASSETCATALOG_COMPILER_GLOBAL_ACCENT_COLOR_NAME = AccentColor;
				CODE_SIGN_STYLE = Automatic;
				CURRENT_PROJECT_VERSION = 1;
				DEVELOPMENT_TEAM = FHKU3K3FS3;
				GENERATE_INFOPLIST_FILE = YES;
				INFOPLIST_FILE = Netflix/Info.plist;
				INFOPLIST_KEY_UIApplicationSupportsIndirectInputEvents = YES;
				INFOPLIST_KEY_UILaunchStoryboardName = LaunchScreen;
				INFOPLIST_KEY_UIMainStoryboardFile = "";
				INFOPLIST_KEY_UISupportedInterfaceOrientations_iPad = "UIInterfaceOrientationPortrait UIInterfaceOrientationPortraitUpsideDown UIInterfaceOrientationLandscapeLeft UIInterfaceOrientationLandscapeRight";
				INFOPLIST_KEY_UISupportedInterfaceOrientations_iPhone = "UIInterfaceOrientationPortrait UIInterfaceOrientationLandscapeLeft UIInterfaceOrientationLandscapeRight";
				LD_RUNPATH_SEARCH_PATHS = (
					"$(inherited)",
					"@executable_path/Frameworks",
				);
				MARKETING_VERSION = 1.0;
				PRODUCT_BUNDLE_IDENTIFIER = com.denSwift.Netflix;
				PRODUCT_NAME = "$(TARGET_NAME)";
				SWIFT_EMIT_LOC_STRINGS = YES;
				SWIFT_VERSION = 5.0;
				TARGETED_DEVICE_FAMILY = "1,2";
			};
			name = Release;
		};
/* End XCBuildConfiguration section */

/* Begin XCConfigurationList section */
		7CE09D2627FAB86F0054AFC8 /* Build configuration list for PBXProject "Netflix" */ = {
			isa = XCConfigurationList;
			buildConfigurations = (
				7CE09D3D27FAB8720054AFC8 /* Debug */,
				7CE09D3E27FAB8720054AFC8 /* Release */,
			);
			defaultConfigurationIsVisible = 0;
			defaultConfigurationName = Release;
		};
		7CE09D3F27FAB8720054AFC8 /* Build configuration list for PBXNativeTarget "Netflix" */ = {
			isa = XCConfigurationList;
			buildConfigurations = (
				7CE09D4027FAB8720054AFC8 /* Debug */,
				7CE09D4127FAB8720054AFC8 /* Release */,
			);
			defaultConfigurationIsVisible = 0;
			defaultConfigurationName = Release;
		};
/* End XCConfigurationList section */

/* Begin XCRemoteSwiftPackageReference section */
		7C009BAB27FE2F930054B3EA /* XCRemoteSwiftPackageReference "SDWebImage" */ = {
			isa = XCRemoteSwiftPackageReference;
			repositoryURL = "https://github.com/SDWebImage/SDWebImage.git";
			requirement = {
				kind = upToNextMajorVersion;
				minimumVersion = 5.0.0;
			};
		};
/* End XCRemoteSwiftPackageReference section */

/* Begin XCSwiftPackageProductDependency section */
		7C009BAC27FE2F930054B3EA /* SDWebImage */ = {
			isa = XCSwiftPackageProductDependency;
			package = 7C009BAB27FE2F930054B3EA /* XCRemoteSwiftPackageReference "SDWebImage" */;
			productName = SDWebImage;
		};
		7C009BAE27FE2F930054B3EA /* SDWebImageMapKit */ = {
			isa = XCSwiftPackageProductDependency;
			package = 7C009BAB27FE2F930054B3EA /* XCRemoteSwiftPackageReference "SDWebImage" */;
			productName = SDWebImageMapKit;
		};
/* End XCSwiftPackageProductDependency section */

/* Begin XCVersionGroup section */
		7C8CBA182808B110007B917A /* NetflixModel.xcdatamodeld */ = {
			isa = XCVersionGroup;
			children = (
				7C8CBA192808B110007B917A /* NetflixModel.xcdatamodel */,
			);
			currentVersion = 7C8CBA192808B110007B917A /* NetflixModel.xcdatamodel */;
			path = NetflixModel.xcdatamodeld;
			sourceTree = "<group>";
			versionGroupType = wrapper.xcdatamodel;
		};
/* End XCVersionGroup section */
	};
	rootObject = 7CE09D2327FAB86F0054AFC8 /* Project object */;
}
